
Microsoft Visual Studio Solution File, Format Version 12.00
# Visual Studio Version 16
VisualStudioVersion = 16.0.29709.97
MinimumVisualStudioVersion = 10.0.40219.1
Project("{FAE04EC0-301F-11D3-BF4B-00C04F79EFBC}") = "Flyweight pattern", "Flyweight pattern\Flyweight pattern.csproj", "{65C96781-5E19-4DAC-97A4-11EA5CA8F45F}"
EndProject
Global
	GlobalSection(SolutionConfigurationPlatforms) = preSolution
		Debug|Any CPU = Debug|Any CPU
		Release|Any CPU = Release|Any CPU
	EndGlobalSection
	GlobalSection(ProjectConfigurationPlatforms) = postSolution
		{65C96781-5E19-4DAC-97A4-11EA5CA8F45F}.Debug|Any CPU.ActiveCfg = Debug|Any CPU
		{65C96781-5E19-4DAC-97A4-11EA5CA8F45F}.Debug|Any CPU.Build.0 = Debug|Any CPU
		{65C96781-5E19-4DAC-97A4-11EA5CA8F45F}.Release|Any CPU.ActiveCfg = Release|Any CPU
		{65C96781-5E19-4DAC-97A4-11EA5CA8F45F}.Release|Any CPU.Build.0 = Release|Any CPU
	EndGlobalSection
	GlobalSection(SolutionProperties) = preSolution
		HideSolutionNode = FALSE
	EndGlobalSection
	GlobalSection(ExtensibilityGlobals) = postSolution
		SolutionGuid = {DCA66777-D87C-4965-849E-34FCEEAB4F0F}
	EndGlobalSection
EndGlobal
