
Microsoft Visual Studio Solution File, Format Version 12.00
# Visual Studio Version 16
VisualStudioVersion = 16.0.29709.97
MinimumVisualStudioVersion = 10.0.40219.1
Project("{FAE04EC0-301F-11D3-BF4B-00C04F79EFBC}") = "Visitor pattern", "Visitor pattern\Visitor pattern.csproj", "{BEA8BB81-54BB-4480-8F95-B524B2F36EB9}"
EndProject
Global
	GlobalSection(SolutionConfigurationPlatforms) = preSolution
		Debug|Any CPU = Debug|Any CPU
		Release|Any CPU = Release|Any CPU
	EndGlobalSection
	GlobalSection(ProjectConfigurationPlatforms) = postSolution
		{BEA8BB81-54BB-4480-8F95-B524B2F36EB9}.Debug|Any CPU.ActiveCfg = Debug|Any CPU
		{BEA8BB81-54BB-4480-8F95-B524B2F36EB9}.Debug|Any CPU.Build.0 = Debug|Any CPU
		{BEA8BB81-54BB-4480-8F95-B524B2F36EB9}.Release|Any CPU.ActiveCfg = Release|Any CPU
		{BEA8BB81-54BB-4480-8F95-B524B2F36EB9}.Release|Any CPU.Build.0 = Release|Any CPU
	EndGlobalSection
	GlobalSection(SolutionProperties) = preSolution
		HideSolutionNode = FALSE
	EndGlobalSection
	GlobalSection(ExtensibilityGlobals) = postSolution
		SolutionGuid = {FBBC829A-F4A9-4620-B598-E494D745C88D}
	EndGlobalSection
EndGlobal
