
Microsoft Visual Studio Solution File, Format Version 12.00
# Visual Studio Version 16
VisualStudioVersion = 16.0.29709.97
MinimumVisualStudioVersion = 10.0.40219.1
Project("{FAE04EC0-301F-11D3-BF4B-00C04F79EFBC}") = "Builder pattern", "Builder pattern\Builder pattern.csproj", "{1463027C-8F1E-4444-8BCA-6DCA7B95AA77}"
EndProject
Global
	GlobalSection(SolutionConfigurationPlatforms) = preSolution
		Debug|Any CPU = Debug|Any CPU
		Release|Any CPU = Release|Any CPU
	EndGlobalSection
	GlobalSection(ProjectConfigurationPlatforms) = postSolution
		{1463027C-8F1E-4444-8BCA-6DCA7B95AA77}.Debug|Any CPU.ActiveCfg = Debug|Any CPU
		{1463027C-8F1E-4444-8BCA-6DCA7B95AA77}.Debug|Any CPU.Build.0 = Debug|Any CPU
		{1463027C-8F1E-4444-8BCA-6DCA7B95AA77}.Release|Any CPU.ActiveCfg = Release|Any CPU
		{1463027C-8F1E-4444-8BCA-6DCA7B95AA77}.Release|Any CPU.Build.0 = Release|Any CPU
	EndGlobalSection
	GlobalSection(SolutionProperties) = preSolution
		HideSolutionNode = FALSE
	EndGlobalSection
	GlobalSection(ExtensibilityGlobals) = postSolution
		SolutionGuid = {3981CDB6-D27F-4A54-BE90-D8F6C5984C84}
	EndGlobalSection
EndGlobal
