
Microsoft Visual Studio Solution File, Format Version 12.00
# Visual Studio Version 16
VisualStudioVersion = 16.0.29709.97
MinimumVisualStudioVersion = 10.0.40219.1
Project("{FAE04EC0-301F-11D3-BF4B-00C04F79EFBC}") = "Chain of Responsibility Pattern", "Chain of Responsibility Pattern\Chain of Responsibility Pattern.csproj", "{700F1182-14BA-4372-8972-9DB4CE2E7CE0}"
EndProject
Global
	GlobalSection(SolutionConfigurationPlatforms) = preSolution
		Debug|Any CPU = Debug|Any CPU
		Release|Any CPU = Release|Any CPU
	EndGlobalSection
	GlobalSection(ProjectConfigurationPlatforms) = postSolution
		{700F1182-14BA-4372-8972-9DB4CE2E7CE0}.Debug|Any CPU.ActiveCfg = Debug|Any CPU
		{700F1182-14BA-4372-8972-9DB4CE2E7CE0}.Debug|Any CPU.Build.0 = Debug|Any CPU
		{700F1182-14BA-4372-8972-9DB4CE2E7CE0}.Release|Any CPU.ActiveCfg = Release|Any CPU
		{700F1182-14BA-4372-8972-9DB4CE2E7CE0}.Release|Any CPU.Build.0 = Release|Any CPU
	EndGlobalSection
	GlobalSection(SolutionProperties) = preSolution
		HideSolutionNode = FALSE
	EndGlobalSection
	GlobalSection(ExtensibilityGlobals) = postSolution
		SolutionGuid = {05386527-63D9-4D8F-9837-4180D5B3079B}
	EndGlobalSection
EndGlobal
